
Microsoft Visual Studio Solution File, Format Version 12.00
# Visual Studio Version 17
VisualStudioVersion = 17.7.34031.279
MinimumVisualStudioVersion = 10.0.40219.1
Project("{FAE04EC0-301F-11D3-BF4B-00C04F79EFBC}") = "dsa-jamro", "dsa-jamro\dsa-jamro.csproj", "{15378531-4919-4E75-9DCD-299803EAAFCD}"
EndProject
Global
	GlobalSection(SolutionConfigurationPlatforms) = preSolution
		Debug|Any CPU = Debug|Any CPU
		Release|Any CPU = Release|Any CPU
	EndGlobalSection
	GlobalSection(ProjectConfigurationPlatforms) = postSolution
		{15378531-4919-4E75-9DCD-299803EAAFCD}.Debug|Any CPU.ActiveCfg = Debug|Any CPU
		{15378531-4919-4E75-9DCD-299803EAAFCD}.Debug|Any CPU.Build.0 = Debug|Any CPU
		{15378531-4919-4E75-9DCD-299803EAAFCD}.Release|Any CPU.ActiveCfg = Release|Any CPU
		{15378531-4919-4E75-9DCD-299803EAAFCD}.Release|Any CPU.Build.0 = Release|Any CPU
	EndGlobalSection
	GlobalSection(SolutionProperties) = preSolution
		HideSolutionNode = FALSE
	EndGlobalSection
	GlobalSection(ExtensibilityGlobals) = postSolution
		SolutionGuid = {CD9A185A-83AE-4F52-8F42-97290C939604}
	EndGlobalSection
EndGlobal
